
Microsoft Visual Studio Solution File, Format Version 12.00
# Visual Studio Version 17
VisualStudioVersion = 17.4.33205.214
MinimumVisualStudioVersion = 10.0.40219.1
Project("{FAE04EC0-301F-11D3-BF4B-00C04F79EFBC}") = "MongoDbTimeCollectionBlogPost", "MongoDbTimeCollectionBlogPost\MongoDbTimeCollectionBlogPost.csproj", "{211842A4-808E-45CC-A761-C4BC1A8CCF36}"
EndProject
Global
	GlobalSection(SolutionConfigurationPlatforms) = preSolution
		Debug|Any CPU = Debug|Any CPU
		Release|Any CPU = Release|Any CPU
	EndGlobalSection
	GlobalSection(ProjectConfigurationPlatforms) = postSolution
		{211842A4-808E-45CC-A761-C4BC1A8CCF36}.Debug|Any CPU.ActiveCfg = Debug|Any CPU
		{211842A4-808E-45CC-A761-C4BC1A8CCF36}.Debug|Any CPU.Build.0 = Debug|Any CPU
		{211842A4-808E-45CC-A761-C4BC1A8CCF36}.Release|Any CPU.ActiveCfg = Release|Any CPU
		{211842A4-808E-45CC-A761-C4BC1A8CCF36}.Release|Any CPU.Build.0 = Release|Any CPU
	EndGlobalSection
	GlobalSection(SolutionProperties) = preSolution
		HideSolutionNode = FALSE
	EndGlobalSection
	GlobalSection(ExtensibilityGlobals) = postSolution
		SolutionGuid = {EAEAC61E-B3DF-42B0-B596-17E47F88F6BD}
	EndGlobalSection
EndGlobal
